
Microsoft Visual Studio Solution File, Format Version 12.00
# Visual Studio Version 16
VisualStudioVersion = 16.0.28902.138
MinimumVisualStudioVersion = 10.0.40219.1
Project("{FAE04EC0-301F-11D3-BF4B-00C04F79EFBC}") = "MSC.CM.XamSh.Android", "MSC.CM.XamSh.Android\MSC.CM.XamSh.Android.csproj", "{ED0A9167-0EC4-4B54-9F78-AB762EEA3A7D}"
EndProject
Project("{FAE04EC0-301F-11D3-BF4B-00C04F79EFBC}") = "MSC.CM.XamSh.iOS", "MSC.CM.XamSh.iOS\MSC.CM.XamSh.iOS.csproj", "{53E44846-5D06-4ACF-B9F7-0803AC771582}"
EndProject
Project("{FAE04EC0-301F-11D3-BF4B-00C04F79EFBC}") = "MSC.CM.XamSh", "MSC.CM.XamSh\MSC.CM.XamSh.csproj", "{3832ACB0-700F-4739-A6E7-54C6C5AC151B}"
EndProject
Global
	GlobalSection(SolutionConfigurationPlatforms) = preSolution
		Debug|Any CPU = Debug|Any CPU
		Debug|iPhone = Debug|iPhone
		Debug|iPhoneSimulator = Debug|iPhoneSimulator
		Release|Any CPU = Release|Any CPU
		Release|iPhone = Release|iPhone
		Release|iPhoneSimulator = Release|iPhoneSimulator
	EndGlobalSection
	GlobalSection(ProjectConfigurationPlatforms) = postSolution
		{ED0A9167-0EC4-4B54-9F78-AB762EEA3A7D}.Debug|Any CPU.ActiveCfg = Debug|Any CPU
		{ED0A9167-0EC4-4B54-9F78-AB762EEA3A7D}.Debug|Any CPU.Build.0 = Debug|Any CPU
		{ED0A9167-0EC4-4B54-9F78-AB762EEA3A7D}.Debug|Any CPU.Deploy.0 = Debug|Any CPU
		{ED0A9167-0EC4-4B54-9F78-AB762EEA3A7D}.Debug|iPhone.ActiveCfg = Debug|Any CPU
		{ED0A9167-0EC4-4B54-9F78-AB762EEA3A7D}.Debug|iPhone.Build.0 = Debug|Any CPU
		{ED0A9167-0EC4-4B54-9F78-AB762EEA3A7D}.Debug|iPhone.Deploy.0 = Debug|Any CPU
		{ED0A9167-0EC4-4B54-9F78-AB762EEA3A7D}.Debug|iPhoneSimulator.ActiveCfg = Debug|Any CPU
		{ED0A9167-0EC4-4B54-9F78-AB762EEA3A7D}.Debug|iPhoneSimulator.Build.0 = Debug|Any CPU
		{ED0A9167-0EC4-4B54-9F78-AB762EEA3A7D}.Debug|iPhoneSimulator.Deploy.0 = Debug|Any CPU
		{ED0A9167-0EC4-4B54-9F78-AB762EEA3A7D}.Release|Any CPU.ActiveCfg = Release|Any CPU
		{ED0A9167-0EC4-4B54-9F78-AB762EEA3A7D}.Release|Any CPU.Build.0 = Release|Any CPU
		{ED0A9167-0EC4-4B54-9F78-AB762EEA3A7D}.Release|Any CPU.Deploy.0 = Release|Any CPU
		{ED0A9167-0EC4-4B54-9F78-AB762EEA3A7D}.Release|iPhone.ActiveCfg = Release|Any CPU
		{ED0A9167-0EC4-4B54-9F78-AB762EEA3A7D}.Release|iPhone.Build.0 = Release|Any CPU
		{ED0A9167-0EC4-4B54-9F78-AB762EEA3A7D}.Release|iPhone.Deploy.0 = Release|Any CPU
		{ED0A9167-0EC4-4B54-9F78-AB762EEA3A7D}.Release|iPhoneSimulator.ActiveCfg = Release|Any CPU
		{ED0A9167-0EC4-4B54-9F78-AB762EEA3A7D}.Release|iPhoneSimulator.Build.0 = Release|Any CPU
		{ED0A9167-0EC4-4B54-9F78-AB762EEA3A7D}.Release|iPhoneSimulator.Deploy.0 = Release|Any CPU
		{53E44846-5D06-4ACF-B9F7-0803AC771582}.Debug|Any CPU.ActiveCfg = Debug|iPhoneSimulator
		{53E44846-5D06-4ACF-B9F7-0803AC771582}.Debug|Any CPU.Build.0 = Debug|iPhoneSimulator
		{53E44846-5D06-4ACF-B9F7-0803AC771582}.Debug|Any CPU.Deploy.0 = Debug|iPhoneSimulator
		{53E44846-5D06-4ACF-B9F7-0803AC771582}.Debug|iPhone.ActiveCfg = Debug|iPhone
		{53E44846-5D06-4ACF-B9F7-0803AC771582}.Debug|iPhone.Build.0 = Debug|iPhone
		{53E44846-5D06-4ACF-B9F7-0803AC771582}.Debug|iPhone.Deploy.0 = Debug|iPhone
		{53E44846-5D06-4ACF-B9F7-0803AC771582}.Debug|iPhoneSimulator.ActiveCfg = Debug|iPhoneSimulator
		{53E44846-5D06-4ACF-B9F7-0803AC771582}.Debug|iPhoneSimulator.Build.0 = Debug|iPhoneSimulator
		{53E44846-5D06-4ACF-B9F7-0803AC771582}.Debug|iPhoneSimulator.Deploy.0 = Debug|iPhoneSimulator
		{53E44846-5D06-4ACF-B9F7-0803AC771582}.Release|Any CPU.ActiveCfg = Release|iPhone
		{53E44846-5D06-4ACF-B9F7-0803AC771582}.Release|Any CPU.Build.0 = Release|iPhone
		{53E44846-5D06-4ACF-B9F7-0803AC771582}.Release|Any CPU.Deploy.0 = Release|iPhone
		{53E44846-5D06-4ACF-B9F7-0803AC771582}.Release|iPhone.ActiveCfg = Release|iPhone
		{53E44846-5D06-4ACF-B9F7-0803AC771582}.Release|iPhone.Build.0 = Release|iPhone
		{53E44846-5D06-4ACF-B9F7-0803AC771582}.Release|iPhone.Deploy.0 = Release|iPhone
		{53E44846-5D06-4ACF-B9F7-0803AC771582}.Release|iPhoneSimulator.ActiveCfg = Release|iPhoneSimulator
		{53E44846-5D06-4ACF-B9F7-0803AC771582}.Release|iPhoneSimulator.Build.0 = Release|iPhoneSimulator
		{53E44846-5D06-4ACF-B9F7-0803AC771582}.Release|iPhoneSimulator.Deploy.0 = Release|iPhoneSimulator
		{3832ACB0-700F-4739-A6E7-54C6C5AC151B}.Debug|Any CPU.ActiveCfg = Debug|Any CPU
		{3832ACB0-700F-4739-A6E7-54C6C5AC151B}.Debug|Any CPU.Build.0 = Debug|Any CPU
		{3832ACB0-700F-4739-A6E7-54C6C5AC151B}.Debug|Any CPU.Deploy.0 = Debug|Any CPU
		{3832ACB0-700F-4739-A6E7-54C6C5AC151B}.Debug|iPhone.ActiveCfg = Debug|Any CPU
		{3832ACB0-700F-4739-A6E7-54C6C5AC151B}.Debug|iPhone.Build.0 = Debug|Any CPU
		{3832ACB0-700F-4739-A6E7-54C6C5AC151B}.Debug|iPhone.Deploy.0 = Debug|Any CPU
		{3832ACB0-700F-4739-A6E7-54C6C5AC151B}.Debug|iPhoneSimulator.ActiveCfg = Debug|Any CPU
		{3832ACB0-700F-4739-A6E7-54C6C5AC151B}.Debug|iPhoneSimulator.Build.0 = Debug|Any CPU
		{3832ACB0-700F-4739-A6E7-54C6C5AC151B}.Debug|iPhoneSimulator.Deploy.0 = Debug|Any CPU
		{3832ACB0-700F-4739-A6E7-54C6C5AC151B}.Release|Any CPU.ActiveCfg = Release|Any CPU
		{3832ACB0-700F-4739-A6E7-54C6C5AC151B}.Release|Any CPU.Build.0 = Release|Any CPU
		{3832ACB0-700F-4739-A6E7-54C6C5AC151B}.Release|Any CPU.Deploy.0 = Release|Any CPU
		{3832ACB0-700F-4739-A6E7-54C6C5AC151B}.Release|iPhone.ActiveCfg = Release|Any CPU
		{3832ACB0-700F-4739-A6E7-54C6C5AC151B}.Release|iPhone.Build.0 = Release|Any CPU
		{3832ACB0-700F-4739-A6E7-54C6C5AC151B}.Release|iPhone.Deploy.0 = Release|Any CPU
		{3832ACB0-700F-4739-A6E7-54C6C5AC151B}.Release|iPhoneSimulator.ActiveCfg = Release|Any CPU
		{3832ACB0-700F-4739-A6E7-54C6C5AC151B}.Release|iPhoneSimulator.Build.0 = Release|Any CPU
		{3832ACB0-700F-4739-A6E7-54C6C5AC151B}.Release|iPhoneSimulator.Deploy.0 = Release|Any CPU
	EndGlobalSection
	GlobalSection(SolutionProperties) = preSolution
		HideSolutionNode = FALSE
	EndGlobalSection
	GlobalSection(ExtensibilityGlobals) = postSolution
		SolutionGuid = {B14073A6-2EF8-49C4-9DD6-FC0EF0935805}
	EndGlobalSection
EndGlobal
