
Microsoft Visual Studio Solution File, Format Version 12.00
# Visual Studio 15
VisualStudioVersion = 15.0.28010.2046
MinimumVisualStudioVersion = 10.0.40219.1
Project("{FAE04EC0-301F-11D3-BF4B-00C04F79EFBC}") = "QuikRide.iOS", "QuikRide.iOS\QuikRide.iOS.csproj", "{8340FC4A-962C-4784-8E1B-867C74D67F8F}"
EndProject
Project("{FAE04EC0-301F-11D3-BF4B-00C04F79EFBC}") = "QuikRide.UWP", "QuikRide.UWP\QuikRide.UWP.csproj", "{2E8B8161-8C5F-41DE-9F10-3C6EAF0E55E1}"
EndProject
Project("{9A19103F-16F7-4668-BE54-9A1E7A4F7556}") = "QuikRide", "QuikRide\QuikRide.csproj", "{2C8FEBE2-EE44-4DE8-A879-EB01B19232C0}"
EndProject
Project("{FAE04EC0-301F-11D3-BF4B-00C04F79EFBC}") = "QuikRide.Android", "QuikRide.Android\QuikRide.Android.csproj", "{24CE3C36-16B9-426D-AA0C-5961ECF8D88C}"
EndProject
Project("{9A19103F-16F7-4668-BE54-9A1E7A4F7556}") = "CGH.QuikRide.Service.DataService", "..\CGH.QuikRide.Service.DataService\CGH.QuikRide.Service.DataService.csproj", "{F2DC20C5-A4BD-4D5E-9DFD-903801898C52}"
EndProject
Project("{9A19103F-16F7-4668-BE54-9A1E7A4F7556}") = "CGH.QuikRide.DTO", "..\CGH.QuikRide.DTO\CGH.QuikRide.DTO.csproj", "{A994129A-D058-443B-B361-EEDD6EF6ACFC}"
EndProject
Project("{9A19103F-16F7-4668-BE54-9A1E7A4F7556}") = "CGH.QuikRide.Constants", "..\CGH.QuikRide.Constants\CGH.QuikRide.Constants.csproj", "{4EB2E318-E1B7-4F72-9DE3-B5FD93EAF1CF}"
EndProject
Global
	GlobalSection(SolutionConfigurationPlatforms) = preSolution
		Debug|Any CPU = Debug|Any CPU
		Debug|ARM = Debug|ARM
		Debug|iPhone = Debug|iPhone
		Debug|iPhoneSimulator = Debug|iPhoneSimulator
		Debug|x64 = Debug|x64
		Debug|x86 = Debug|x86
		Release|Any CPU = Release|Any CPU
		Release|ARM = Release|ARM
		Release|iPhone = Release|iPhone
		Release|iPhoneSimulator = Release|iPhoneSimulator
		Release|x64 = Release|x64
		Release|x86 = Release|x86
	EndGlobalSection
	GlobalSection(ProjectConfigurationPlatforms) = postSolution
		{8340FC4A-962C-4784-8E1B-867C74D67F8F}.Debug|Any CPU.ActiveCfg = Debug|iPhoneSimulator
		{8340FC4A-962C-4784-8E1B-867C74D67F8F}.Debug|Any CPU.Build.0 = Debug|iPhoneSimulator
		{8340FC4A-962C-4784-8E1B-867C74D67F8F}.Debug|Any CPU.Deploy.0 = Debug|iPhoneSimulator
		{8340FC4A-962C-4784-8E1B-867C74D67F8F}.Debug|ARM.ActiveCfg = Debug|iPhone
		{8340FC4A-962C-4784-8E1B-867C74D67F8F}.Debug|ARM.Build.0 = Debug|iPhone
		{8340FC4A-962C-4784-8E1B-867C74D67F8F}.Debug|ARM.Deploy.0 = Debug|iPhone
		{8340FC4A-962C-4784-8E1B-867C74D67F8F}.Debug|iPhone.ActiveCfg = Debug|iPhone
		{8340FC4A-962C-4784-8E1B-867C74D67F8F}.Debug|iPhone.Build.0 = Debug|iPhone
		{8340FC4A-962C-4784-8E1B-867C74D67F8F}.Debug|iPhone.Deploy.0 = Debug|iPhone
		{8340FC4A-962C-4784-8E1B-867C74D67F8F}.Debug|iPhoneSimulator.ActiveCfg = Debug|iPhoneSimulator
		{8340FC4A-962C-4784-8E1B-867C74D67F8F}.Debug|iPhoneSimulator.Build.0 = Debug|iPhoneSimulator
		{8340FC4A-962C-4784-8E1B-867C74D67F8F}.Debug|iPhoneSimulator.Deploy.0 = Debug|iPhoneSimulator
		{8340FC4A-962C-4784-8E1B-867C74D67F8F}.Debug|x64.ActiveCfg = Debug|iPhone
		{8340FC4A-962C-4784-8E1B-867C74D67F8F}.Debug|x64.Build.0 = Debug|iPhone
		{8340FC4A-962C-4784-8E1B-867C74D67F8F}.Debug|x64.Deploy.0 = Debug|iPhone
		{8340FC4A-962C-4784-8E1B-867C74D67F8F}.Debug|x86.ActiveCfg = Debug|iPhone
		{8340FC4A-962C-4784-8E1B-867C74D67F8F}.Debug|x86.Deploy.0 = Debug|iPhone
		{8340FC4A-962C-4784-8E1B-867C74D67F8F}.Release|Any CPU.ActiveCfg = Release|iPhone
		{8340FC4A-962C-4784-8E1B-867C74D67F8F}.Release|Any CPU.Build.0 = Release|iPhone
		{8340FC4A-962C-4784-8E1B-867C74D67F8F}.Release|Any CPU.Deploy.0 = Release|iPhone
		{8340FC4A-962C-4784-8E1B-867C74D67F8F}.Release|ARM.ActiveCfg = Release|iPhone
		{8340FC4A-962C-4784-8E1B-867C74D67F8F}.Release|ARM.Build.0 = Release|iPhone
		{8340FC4A-962C-4784-8E1B-867C74D67F8F}.Release|ARM.Deploy.0 = Release|iPhone
		{8340FC4A-962C-4784-8E1B-867C74D67F8F}.Release|iPhone.ActiveCfg = Release|iPhone
		{8340FC4A-962C-4784-8E1B-867C74D67F8F}.Release|iPhone.Build.0 = Release|iPhone
		{8340FC4A-962C-4784-8E1B-867C74D67F8F}.Release|iPhone.Deploy.0 = Release|iPhone
		{8340FC4A-962C-4784-8E1B-867C74D67F8F}.Release|iPhoneSimulator.ActiveCfg = Release|iPhoneSimulator
		{8340FC4A-962C-4784-8E1B-867C74D67F8F}.Release|iPhoneSimulator.Build.0 = Release|iPhoneSimulator
		{8340FC4A-962C-4784-8E1B-867C74D67F8F}.Release|iPhoneSimulator.Deploy.0 = Release|iPhoneSimulator
		{8340FC4A-962C-4784-8E1B-867C74D67F8F}.Release|x64.ActiveCfg = Release|iPhone
		{8340FC4A-962C-4784-8E1B-867C74D67F8F}.Release|x64.Build.0 = Release|iPhone
		{8340FC4A-962C-4784-8E1B-867C74D67F8F}.Release|x64.Deploy.0 = Release|iPhone
		{8340FC4A-962C-4784-8E1B-867C74D67F8F}.Release|x86.ActiveCfg = Release|iPhone
		{8340FC4A-962C-4784-8E1B-867C74D67F8F}.Release|x86.Build.0 = Release|iPhone
		{8340FC4A-962C-4784-8E1B-867C74D67F8F}.Release|x86.Deploy.0 = Release|iPhone
		{2E8B8161-8C5F-41DE-9F10-3C6EAF0E55E1}.Debug|Any CPU.ActiveCfg = Debug|x86
		{2E8B8161-8C5F-41DE-9F10-3C6EAF0E55E1}.Debug|Any CPU.Build.0 = Debug|x86
		{2E8B8161-8C5F-41DE-9F10-3C6EAF0E55E1}.Debug|Any CPU.Deploy.0 = Debug|x86
		{2E8B8161-8C5F-41DE-9F10-3C6EAF0E55E1}.Debug|ARM.ActiveCfg = Debug|ARM
		{2E8B8161-8C5F-41DE-9F10-3C6EAF0E55E1}.Debug|ARM.Build.0 = Debug|ARM
		{2E8B8161-8C5F-41DE-9F10-3C6EAF0E55E1}.Debug|ARM.Deploy.0 = Debug|ARM
		{2E8B8161-8C5F-41DE-9F10-3C6EAF0E55E1}.Debug|iPhone.ActiveCfg = Debug|x86
		{2E8B8161-8C5F-41DE-9F10-3C6EAF0E55E1}.Debug|iPhone.Build.0 = Debug|x86
		{2E8B8161-8C5F-41DE-9F10-3C6EAF0E55E1}.Debug|iPhone.Deploy.0 = Debug|x86
		{2E8B8161-8C5F-41DE-9F10-3C6EAF0E55E1}.Debug|iPhoneSimulator.ActiveCfg = Debug|x86
		{2E8B8161-8C5F-41DE-9F10-3C6EAF0E55E1}.Debug|iPhoneSimulator.Build.0 = Debug|x86
		{2E8B8161-8C5F-41DE-9F10-3C6EAF0E55E1}.Debug|iPhoneSimulator.Deploy.0 = Debug|x86
		{2E8B8161-8C5F-41DE-9F10-3C6EAF0E55E1}.Debug|x64.ActiveCfg = Debug|x64
		{2E8B8161-8C5F-41DE-9F10-3C6EAF0E55E1}.Debug|x64.Build.0 = Debug|x64
		{2E8B8161-8C5F-41DE-9F10-3C6EAF0E55E1}.Debug|x64.Deploy.0 = Debug|x64
		{2E8B8161-8C5F-41DE-9F10-3C6EAF0E55E1}.Debug|x86.ActiveCfg = Debug|x86
		{2E8B8161-8C5F-41DE-9F10-3C6EAF0E55E1}.Debug|x86.Build.0 = Debug|x86
		{2E8B8161-8C5F-41DE-9F10-3C6EAF0E55E1}.Debug|x86.Deploy.0 = Debug|x86
		{2E8B8161-8C5F-41DE-9F10-3C6EAF0E55E1}.Release|Any CPU.ActiveCfg = Release|x86
		{2E8B8161-8C5F-41DE-9F10-3C6EAF0E55E1}.Release|Any CPU.Build.0 = Release|x86
		{2E8B8161-8C5F-41DE-9F10-3C6EAF0E55E1}.Release|Any CPU.Deploy.0 = Release|x86
		{2E8B8161-8C5F-41DE-9F10-3C6EAF0E55E1}.Release|ARM.ActiveCfg = Release|ARM
		{2E8B8161-8C5F-41DE-9F10-3C6EAF0E55E1}.Release|ARM.Build.0 = Release|ARM
		{2E8B8161-8C5F-41DE-9F10-3C6EAF0E55E1}.Release|ARM.Deploy.0 = Release|ARM
		{2E8B8161-8C5F-41DE-9F10-3C6EAF0E55E1}.Release|iPhone.ActiveCfg = Release|x86
		{2E8B8161-8C5F-41DE-9F10-3C6EAF0E55E1}.Release|iPhone.Build.0 = Release|x86
		{2E8B8161-8C5F-41DE-9F10-3C6EAF0E55E1}.Release|iPhone.Deploy.0 = Release|x86
		{2E8B8161-8C5F-41DE-9F10-3C6EAF0E55E1}.Release|iPhoneSimulator.ActiveCfg = Release|x86
		{2E8B8161-8C5F-41DE-9F10-3C6EAF0E55E1}.Release|iPhoneSimulator.Build.0 = Release|x86
		{2E8B8161-8C5F-41DE-9F10-3C6EAF0E55E1}.Release|iPhoneSimulator.Deploy.0 = Release|x86
		{2E8B8161-8C5F-41DE-9F10-3C6EAF0E55E1}.Release|x64.ActiveCfg = Release|x64
		{2E8B8161-8C5F-41DE-9F10-3C6EAF0E55E1}.Release|x64.Build.0 = Release|x64
		{2E8B8161-8C5F-41DE-9F10-3C6EAF0E55E1}.Release|x64.Deploy.0 = Release|x64
		{2E8B8161-8C5F-41DE-9F10-3C6EAF0E55E1}.Release|x86.ActiveCfg = Release|x86
		{2E8B8161-8C5F-41DE-9F10-3C6EAF0E55E1}.Release|x86.Build.0 = Release|x86
		{2E8B8161-8C5F-41DE-9F10-3C6EAF0E55E1}.Release|x86.Deploy.0 = Release|x86
		{2C8FEBE2-EE44-4DE8-A879-EB01B19232C0}.Debug|Any CPU.ActiveCfg = Debug|Any CPU
		{2C8FEBE2-EE44-4DE8-A879-EB01B19232C0}.Debug|Any CPU.Build.0 = Debug|Any CPU
		{2C8FEBE2-EE44-4DE8-A879-EB01B19232C0}.Debug|Any CPU.Deploy.0 = Debug|Any CPU
		{2C8FEBE2-EE44-4DE8-A879-EB01B19232C0}.Debug|ARM.ActiveCfg = Debug|Any CPU
		{2C8FEBE2-EE44-4DE8-A879-EB01B19232C0}.Debug|ARM.Build.0 = Debug|Any CPU
		{2C8FEBE2-EE44-4DE8-A879-EB01B19232C0}.Debug|ARM.Deploy.0 = Debug|Any CPU
		{2C8FEBE2-EE44-4DE8-A879-EB01B19232C0}.Debug|iPhone.ActiveCfg = Debug|Any CPU
		{2C8FEBE2-EE44-4DE8-A879-EB01B19232C0}.Debug|iPhone.Build.0 = Debug|Any CPU
		{2C8FEBE2-EE44-4DE8-A879-EB01B19232C0}.Debug|iPhone.Deploy.0 = Debug|Any CPU
		{2C8FEBE2-EE44-4DE8-A879-EB01B19232C0}.Debug|iPhoneSimulator.ActiveCfg = Debug|Any CPU
		{2C8FEBE2-EE44-4DE8-A879-EB01B19232C0}.Debug|iPhoneSimulator.Build.0 = Debug|Any CPU
		{2C8FEBE2-EE44-4DE8-A879-EB01B19232C0}.Debug|iPhoneSimulator.Deploy.0 = Debug|Any CPU
		{2C8FEBE2-EE44-4DE8-A879-EB01B19232C0}.Debug|x64.ActiveCfg = Debug|Any CPU
		{2C8FEBE2-EE44-4DE8-A879-EB01B19232C0}.Debug|x64.Build.0 = Debug|Any CPU
		{2C8FEBE2-EE44-4DE8-A879-EB01B19232C0}.Debug|x64.Deploy.0 = Debug|Any CPU
		{2C8FEBE2-EE44-4DE8-A879-EB01B19232C0}.Debug|x86.ActiveCfg = Debug|Any CPU
		{2C8FEBE2-EE44-4DE8-A879-EB01B19232C0}.Debug|x86.Build.0 = Debug|Any CPU
		{2C8FEBE2-EE44-4DE8-A879-EB01B19232C0}.Debug|x86.Deploy.0 = Debug|Any CPU
		{2C8FEBE2-EE44-4DE8-A879-EB01B19232C0}.Release|Any CPU.ActiveCfg = Release|Any CPU
		{2C8FEBE2-EE44-4DE8-A879-EB01B19232C0}.Release|Any CPU.Build.0 = Release|Any CPU
		{2C8FEBE2-EE44-4DE8-A879-EB01B19232C0}.Release|Any CPU.Deploy.0 = Release|Any CPU
		{2C8FEBE2-EE44-4DE8-A879-EB01B19232C0}.Release|ARM.ActiveCfg = Release|Any CPU
		{2C8FEBE2-EE44-4DE8-A879-EB01B19232C0}.Release|ARM.Build.0 = Release|Any CPU
		{2C8FEBE2-EE44-4DE8-A879-EB01B19232C0}.Release|ARM.Deploy.0 = Release|Any CPU
		{2C8FEBE2-EE44-4DE8-A879-EB01B19232C0}.Release|iPhone.ActiveCfg = Release|Any CPU
		{2C8FEBE2-EE44-4DE8-A879-EB01B19232C0}.Release|iPhone.Build.0 = Release|Any CPU
		{2C8FEBE2-EE44-4DE8-A879-EB01B19232C0}.Release|iPhone.Deploy.0 = Release|Any CPU
		{2C8FEBE2-EE44-4DE8-A879-EB01B19232C0}.Release|iPhoneSimulator.ActiveCfg = Release|Any CPU
		{2C8FEBE2-EE44-4DE8-A879-EB01B19232C0}.Release|iPhoneSimulator.Build.0 = Release|Any CPU
		{2C8FEBE2-EE44-4DE8-A879-EB01B19232C0}.Release|iPhoneSimulator.Deploy.0 = Release|Any CPU
		{2C8FEBE2-EE44-4DE8-A879-EB01B19232C0}.Release|x64.ActiveCfg = Release|Any CPU
		{2C8FEBE2-EE44-4DE8-A879-EB01B19232C0}.Release|x64.Build.0 = Release|Any CPU
		{2C8FEBE2-EE44-4DE8-A879-EB01B19232C0}.Release|x64.Deploy.0 = Release|Any CPU
		{2C8FEBE2-EE44-4DE8-A879-EB01B19232C0}.Release|x86.ActiveCfg = Release|Any CPU
		{2C8FEBE2-EE44-4DE8-A879-EB01B19232C0}.Release|x86.Build.0 = Release|Any CPU
		{2C8FEBE2-EE44-4DE8-A879-EB01B19232C0}.Release|x86.Deploy.0 = Release|Any CPU
		{24CE3C36-16B9-426D-AA0C-5961ECF8D88C}.Debug|Any CPU.ActiveCfg = Debug|Any CPU
		{24CE3C36-16B9-426D-AA0C-5961ECF8D88C}.Debug|Any CPU.Build.0 = Debug|Any CPU
		{24CE3C36-16B9-426D-AA0C-5961ECF8D88C}.Debug|Any CPU.Deploy.0 = Debug|Any CPU
		{24CE3C36-16B9-426D-AA0C-5961ECF8D88C}.Debug|ARM.ActiveCfg = Debug|Any CPU
		{24CE3C36-16B9-426D-AA0C-5961ECF8D88C}.Debug|ARM.Build.0 = Debug|Any CPU
		{24CE3C36-16B9-426D-AA0C-5961ECF8D88C}.Debug|ARM.Deploy.0 = Debug|Any CPU
		{24CE3C36-16B9-426D-AA0C-5961ECF8D88C}.Debug|iPhone.ActiveCfg = Debug|Any CPU
		{24CE3C36-16B9-426D-AA0C-5961ECF8D88C}.Debug|iPhone.Build.0 = Debug|Any CPU
		{24CE3C36-16B9-426D-AA0C-5961ECF8D88C}.Debug|iPhone.Deploy.0 = Debug|Any CPU
		{24CE3C36-16B9-426D-AA0C-5961ECF8D88C}.Debug|iPhoneSimulator.ActiveCfg = Debug|Any CPU
		{24CE3C36-16B9-426D-AA0C-5961ECF8D88C}.Debug|iPhoneSimulator.Build.0 = Debug|Any CPU
		{24CE3C36-16B9-426D-AA0C-5961ECF8D88C}.Debug|iPhoneSimulator.Deploy.0 = Debug|Any CPU
		{24CE3C36-16B9-426D-AA0C-5961ECF8D88C}.Debug|x64.ActiveCfg = Debug|Any CPU
		{24CE3C36-16B9-426D-AA0C-5961ECF8D88C}.Debug|x64.Build.0 = Debug|Any CPU
		{24CE3C36-16B9-426D-AA0C-5961ECF8D88C}.Debug|x64.Deploy.0 = Debug|Any CPU
		{24CE3C36-16B9-426D-AA0C-5961ECF8D88C}.Debug|x86.ActiveCfg = Debug|Any CPU
		{24CE3C36-16B9-426D-AA0C-5961ECF8D88C}.Release|Any CPU.ActiveCfg = Release|Any CPU
		{24CE3C36-16B9-426D-AA0C-5961ECF8D88C}.Release|Any CPU.Build.0 = Release|Any CPU
		{24CE3C36-16B9-426D-AA0C-5961ECF8D88C}.Release|Any CPU.Deploy.0 = Release|Any CPU
		{24CE3C36-16B9-426D-AA0C-5961ECF8D88C}.Release|ARM.ActiveCfg = Release|Any CPU
		{24CE3C36-16B9-426D-AA0C-5961ECF8D88C}.Release|ARM.Build.0 = Release|Any CPU
		{24CE3C36-16B9-426D-AA0C-5961ECF8D88C}.Release|ARM.Deploy.0 = Release|Any CPU
		{24CE3C36-16B9-426D-AA0C-5961ECF8D88C}.Release|iPhone.ActiveCfg = Release|Any CPU
		{24CE3C36-16B9-426D-AA0C-5961ECF8D88C}.Release|iPhone.Build.0 = Release|Any CPU
		{24CE3C36-16B9-426D-AA0C-5961ECF8D88C}.Release|iPhone.Deploy.0 = Release|Any CPU
		{24CE3C36-16B9-426D-AA0C-5961ECF8D88C}.Release|iPhoneSimulator.ActiveCfg = Release|Any CPU
		{24CE3C36-16B9-426D-AA0C-5961ECF8D88C}.Release|iPhoneSimulator.Build.0 = Release|Any CPU
		{24CE3C36-16B9-426D-AA0C-5961ECF8D88C}.Release|iPhoneSimulator.Deploy.0 = Release|Any CPU
		{24CE3C36-16B9-426D-AA0C-5961ECF8D88C}.Release|x64.ActiveCfg = Release|Any CPU
		{24CE3C36-16B9-426D-AA0C-5961ECF8D88C}.Release|x64.Build.0 = Release|Any CPU
		{24CE3C36-16B9-426D-AA0C-5961ECF8D88C}.Release|x64.Deploy.0 = Release|Any CPU
		{24CE3C36-16B9-426D-AA0C-5961ECF8D88C}.Release|x86.ActiveCfg = Release|Any CPU
		{24CE3C36-16B9-426D-AA0C-5961ECF8D88C}.Release|x86.Build.0 = Release|Any CPU
		{24CE3C36-16B9-426D-AA0C-5961ECF8D88C}.Release|x86.Deploy.0 = Release|Any CPU
		{F2DC20C5-A4BD-4D5E-9DFD-903801898C52}.Debug|Any CPU.ActiveCfg = Debug|Any CPU
		{F2DC20C5-A4BD-4D5E-9DFD-903801898C52}.Debug|Any CPU.Build.0 = Debug|Any CPU
		{F2DC20C5-A4BD-4D5E-9DFD-903801898C52}.Debug|ARM.ActiveCfg = Debug|Any CPU
		{F2DC20C5-A4BD-4D5E-9DFD-903801898C52}.Debug|ARM.Build.0 = Debug|Any CPU
		{F2DC20C5-A4BD-4D5E-9DFD-903801898C52}.Debug|iPhone.ActiveCfg = Debug|Any CPU
		{F2DC20C5-A4BD-4D5E-9DFD-903801898C52}.Debug|iPhone.Build.0 = Debug|Any CPU
		{F2DC20C5-A4BD-4D5E-9DFD-903801898C52}.Debug|iPhoneSimulator.ActiveCfg = Debug|Any CPU
		{F2DC20C5-A4BD-4D5E-9DFD-903801898C52}.Debug|iPhoneSimulator.Build.0 = Debug|Any CPU
		{F2DC20C5-A4BD-4D5E-9DFD-903801898C52}.Debug|x64.ActiveCfg = Debug|Any CPU
		{F2DC20C5-A4BD-4D5E-9DFD-903801898C52}.Debug|x64.Build.0 = Debug|Any CPU
		{F2DC20C5-A4BD-4D5E-9DFD-903801898C52}.Debug|x86.ActiveCfg = Debug|Any CPU
		{F2DC20C5-A4BD-4D5E-9DFD-903801898C52}.Debug|x86.Build.0 = Debug|Any CPU
		{F2DC20C5-A4BD-4D5E-9DFD-903801898C52}.Release|Any CPU.ActiveCfg = Release|Any CPU
		{F2DC20C5-A4BD-4D5E-9DFD-903801898C52}.Release|Any CPU.Build.0 = Release|Any CPU
		{F2DC20C5-A4BD-4D5E-9DFD-903801898C52}.Release|ARM.ActiveCfg = Release|Any CPU
		{F2DC20C5-A4BD-4D5E-9DFD-903801898C52}.Release|ARM.Build.0 = Release|Any CPU
		{F2DC20C5-A4BD-4D5E-9DFD-903801898C52}.Release|iPhone.ActiveCfg = Release|Any CPU
		{F2DC20C5-A4BD-4D5E-9DFD-903801898C52}.Release|iPhone.Build.0 = Release|Any CPU
		{F2DC20C5-A4BD-4D5E-9DFD-903801898C52}.Release|iPhoneSimulator.ActiveCfg = Release|Any CPU
		{F2DC20C5-A4BD-4D5E-9DFD-903801898C52}.Release|iPhoneSimulator.Build.0 = Release|Any CPU
		{F2DC20C5-A4BD-4D5E-9DFD-903801898C52}.Release|x64.ActiveCfg = Release|Any CPU
		{F2DC20C5-A4BD-4D5E-9DFD-903801898C52}.Release|x64.Build.0 = Release|Any CPU
		{F2DC20C5-A4BD-4D5E-9DFD-903801898C52}.Release|x86.ActiveCfg = Release|Any CPU
		{F2DC20C5-A4BD-4D5E-9DFD-903801898C52}.Release|x86.Build.0 = Release|Any CPU
		{A994129A-D058-443B-B361-EEDD6EF6ACFC}.Debug|Any CPU.ActiveCfg = Debug|Any CPU
		{A994129A-D058-443B-B361-EEDD6EF6ACFC}.Debug|Any CPU.Build.0 = Debug|Any CPU
		{A994129A-D058-443B-B361-EEDD6EF6ACFC}.Debug|ARM.ActiveCfg = Debug|Any CPU
		{A994129A-D058-443B-B361-EEDD6EF6ACFC}.Debug|ARM.Build.0 = Debug|Any CPU
		{A994129A-D058-443B-B361-EEDD6EF6ACFC}.Debug|iPhone.ActiveCfg = Debug|Any CPU
		{A994129A-D058-443B-B361-EEDD6EF6ACFC}.Debug|iPhone.Build.0 = Debug|Any CPU
		{A994129A-D058-443B-B361-EEDD6EF6ACFC}.Debug|iPhoneSimulator.ActiveCfg = Debug|Any CPU
		{A994129A-D058-443B-B361-EEDD6EF6ACFC}.Debug|iPhoneSimulator.Build.0 = Debug|Any CPU
		{A994129A-D058-443B-B361-EEDD6EF6ACFC}.Debug|x64.ActiveCfg = Debug|Any CPU
		{A994129A-D058-443B-B361-EEDD6EF6ACFC}.Debug|x64.Build.0 = Debug|Any CPU
		{A994129A-D058-443B-B361-EEDD6EF6ACFC}.Debug|x86.ActiveCfg = Debug|Any CPU
		{A994129A-D058-443B-B361-EEDD6EF6ACFC}.Debug|x86.Build.0 = Debug|Any CPU
		{A994129A-D058-443B-B361-EEDD6EF6ACFC}.Release|Any CPU.ActiveCfg = Release|Any CPU
		{A994129A-D058-443B-B361-EEDD6EF6ACFC}.Release|Any CPU.Build.0 = Release|Any CPU
		{A994129A-D058-443B-B361-EEDD6EF6ACFC}.Release|ARM.ActiveCfg = Release|Any CPU
		{A994129A-D058-443B-B361-EEDD6EF6ACFC}.Release|ARM.Build.0 = Release|Any CPU
		{A994129A-D058-443B-B361-EEDD6EF6ACFC}.Release|iPhone.ActiveCfg = Release|Any CPU
		{A994129A-D058-443B-B361-EEDD6EF6ACFC}.Release|iPhone.Build.0 = Release|Any CPU
		{A994129A-D058-443B-B361-EEDD6EF6ACFC}.Release|iPhoneSimulator.ActiveCfg = Release|Any CPU
		{A994129A-D058-443B-B361-EEDD6EF6ACFC}.Release|iPhoneSimulator.Build.0 = Release|Any CPU
		{A994129A-D058-443B-B361-EEDD6EF6ACFC}.Release|x64.ActiveCfg = Release|Any CPU
		{A994129A-D058-443B-B361-EEDD6EF6ACFC}.Release|x64.Build.0 = Release|Any CPU
		{A994129A-D058-443B-B361-EEDD6EF6ACFC}.Release|x86.ActiveCfg = Release|Any CPU
		{A994129A-D058-443B-B361-EEDD6EF6ACFC}.Release|x86.Build.0 = Release|Any CPU
		{4EB2E318-E1B7-4F72-9DE3-B5FD93EAF1CF}.Debug|Any CPU.ActiveCfg = Debug|Any CPU
		{4EB2E318-E1B7-4F72-9DE3-B5FD93EAF1CF}.Debug|Any CPU.Build.0 = Debug|Any CPU
		{4EB2E318-E1B7-4F72-9DE3-B5FD93EAF1CF}.Debug|ARM.ActiveCfg = Debug|Any CPU
		{4EB2E318-E1B7-4F72-9DE3-B5FD93EAF1CF}.Debug|ARM.Build.0 = Debug|Any CPU
		{4EB2E318-E1B7-4F72-9DE3-B5FD93EAF1CF}.Debug|iPhone.ActiveCfg = Debug|Any CPU
		{4EB2E318-E1B7-4F72-9DE3-B5FD93EAF1CF}.Debug|iPhone.Build.0 = Debug|Any CPU
		{4EB2E318-E1B7-4F72-9DE3-B5FD93EAF1CF}.Debug|iPhoneSimulator.ActiveCfg = Debug|Any CPU
		{4EB2E318-E1B7-4F72-9DE3-B5FD93EAF1CF}.Debug|iPhoneSimulator.Build.0 = Debug|Any CPU
		{4EB2E318-E1B7-4F72-9DE3-B5FD93EAF1CF}.Debug|x64.ActiveCfg = Debug|Any CPU
		{4EB2E318-E1B7-4F72-9DE3-B5FD93EAF1CF}.Debug|x64.Build.0 = Debug|Any CPU
		{4EB2E318-E1B7-4F72-9DE3-B5FD93EAF1CF}.Debug|x86.ActiveCfg = Debug|Any CPU
		{4EB2E318-E1B7-4F72-9DE3-B5FD93EAF1CF}.Debug|x86.Build.0 = Debug|Any CPU
		{4EB2E318-E1B7-4F72-9DE3-B5FD93EAF1CF}.Release|Any CPU.ActiveCfg = Release|Any CPU
		{4EB2E318-E1B7-4F72-9DE3-B5FD93EAF1CF}.Release|Any CPU.Build.0 = Release|Any CPU
		{4EB2E318-E1B7-4F72-9DE3-B5FD93EAF1CF}.Release|ARM.ActiveCfg = Release|Any CPU
		{4EB2E318-E1B7-4F72-9DE3-B5FD93EAF1CF}.Release|ARM.Build.0 = Release|Any CPU
		{4EB2E318-E1B7-4F72-9DE3-B5FD93EAF1CF}.Release|iPhone.ActiveCfg = Release|Any CPU
		{4EB2E318-E1B7-4F72-9DE3-B5FD93EAF1CF}.Release|iPhone.Build.0 = Release|Any CPU
		{4EB2E318-E1B7-4F72-9DE3-B5FD93EAF1CF}.Release|iPhoneSimulator.ActiveCfg = Release|Any CPU
		{4EB2E318-E1B7-4F72-9DE3-B5FD93EAF1CF}.Release|iPhoneSimulator.Build.0 = Release|Any CPU
		{4EB2E318-E1B7-4F72-9DE3-B5FD93EAF1CF}.Release|x64.ActiveCfg = Release|Any CPU
		{4EB2E318-E1B7-4F72-9DE3-B5FD93EAF1CF}.Release|x64.Build.0 = Release|Any CPU
		{4EB2E318-E1B7-4F72-9DE3-B5FD93EAF1CF}.Release|x86.ActiveCfg = Release|Any CPU
		{4EB2E318-E1B7-4F72-9DE3-B5FD93EAF1CF}.Release|x86.Build.0 = Release|Any CPU
	EndGlobalSection
	GlobalSection(SolutionProperties) = preSolution
		HideSolutionNode = FALSE
	EndGlobalSection
	GlobalSection(ExtensibilityGlobals) = postSolution
		SolutionGuid = {AEA4940F-8A1D-4786-820F-919559973566}
	EndGlobalSection
EndGlobal
